
Microsoft Visual Studio Solution File, Format Version 12.00
# Visual Studio Version 16
VisualStudioVersion = 16.0.28729.10
MinimumVisualStudioVersion = 10.0.40219.1
Project("{778DAE3C-4631-46EA-AA77-85C1314464D9}") = "variables_consola", "variables_consola\variables_consola.vbproj", "{0B237443-021A-480C-BC07-F5395A01A24C}"
EndProject
Project("{778DAE3C-4631-46EA-AA77-85C1314464D9}") = "variables_tipos", "variables_tipos\variables_tipos.vbproj", "{CAAE4600-A817-404D-B4AE-55FEE1846C81}"
EndProject
Project("{778DAE3C-4631-46EA-AA77-85C1314464D9}") = "Concatenación", "Concatenación\Concatenación.vbproj", "{0757D3E5-D37A-48B8-8123-93B4A9ED32CA}"
EndProject
Project("{778DAE3C-4631-46EA-AA77-85C1314464D9}") = "Aritmética", "Aritmética\Aritmética.vbproj", "{EBE54032-D6BE-47AB-91A0-72D7443CCF43}"
EndProject
Project("{778DAE3C-4631-46EA-AA77-85C1314464D9}") = "Cuadratica", "Cuadratica\Cuadratica.vbproj", "{18BF7FF0-370F-42CA-BAF3-5060EC96FD3A}"
EndProject
Project("{778DAE3C-4631-46EA-AA77-85C1314464D9}") = "Suma_promedio", "Suma_promedio\Suma_promedio.vbproj", "{91F4EB79-0837-434F-93FC-B640614154A2}"
EndProject
Project("{778DAE3C-4631-46EA-AA77-85C1314464D9}") = "equivalencia_dias", "equivalencia_dias\equivalencia_dias.vbproj", "{772D639C-5806-40B4-B67C-CE52226B415E}"
EndProject
Project("{778DAE3C-4631-46EA-AA77-85C1314464D9}") = "Tabla_booleana", "Tabla_booleana\Tabla_booleana.vbproj", "{B6852CA9-352C-47FB-974B-504525FEC418}"
EndProject
Project("{778DAE3C-4631-46EA-AA77-85C1314464D9}") = "Interes", "Interes\Interes.vbproj", "{7C3CE292-A6FB-4DC8-ABAF-E0D7333F9B44}"
EndProject
Project("{778DAE3C-4631-46EA-AA77-85C1314464D9}") = "Resto_division", "Resto_division\Resto_division.vbproj", "{58FFCD9F-4140-436A-9914-5CBC16CF69A8}"
EndProject
Project("{778DAE3C-4631-46EA-AA77-85C1314464D9}") = "Matematica1", "Matematica1\Matematica1.vbproj", "{50DEBCAC-B2EC-48D2-97AE-2E9EDB053292}"
EndProject
Project("{778DAE3C-4631-46EA-AA77-85C1314464D9}") = "Redondeo", "Redondeo\Redondeo.vbproj", "{9A3E25DA-DCE2-4E14-88F8-830A77836E46}"
EndProject
Project("{778DAE3C-4631-46EA-AA77-85C1314464D9}") = "Mayor", "Mayor\Mayor.vbproj", "{7627DD5C-59D0-46FE-91BC-A7EA3EF878BC}"
EndProject
Project("{F184B08F-C81C-45F6-A57F-5ABD9991F28F}") = "Cadenas1", "Cadenas1\Cadenas1.vbproj", "{2EC39A3D-59B5-4B13-82A1-6454C7A88863}"
EndProject
Project("{F184B08F-C81C-45F6-A57F-5ABD9991F28F}") = "Refrase", "Refrase\Refrase.vbproj", "{5AFE535D-4E18-4658-A55E-FC81E89AF2CA}"
EndProject
Global
	GlobalSection(SolutionConfigurationPlatforms) = preSolution
		Debug|Any CPU = Debug|Any CPU
		Release|Any CPU = Release|Any CPU
	EndGlobalSection
	GlobalSection(ProjectConfigurationPlatforms) = postSolution
		{0B237443-021A-480C-BC07-F5395A01A24C}.Debug|Any CPU.ActiveCfg = Debug|Any CPU
		{0B237443-021A-480C-BC07-F5395A01A24C}.Debug|Any CPU.Build.0 = Debug|Any CPU
		{0B237443-021A-480C-BC07-F5395A01A24C}.Release|Any CPU.ActiveCfg = Release|Any CPU
		{0B237443-021A-480C-BC07-F5395A01A24C}.Release|Any CPU.Build.0 = Release|Any CPU
		{CAAE4600-A817-404D-B4AE-55FEE1846C81}.Debug|Any CPU.ActiveCfg = Debug|Any CPU
		{CAAE4600-A817-404D-B4AE-55FEE1846C81}.Debug|Any CPU.Build.0 = Debug|Any CPU
		{CAAE4600-A817-404D-B4AE-55FEE1846C81}.Release|Any CPU.ActiveCfg = Release|Any CPU
		{CAAE4600-A817-404D-B4AE-55FEE1846C81}.Release|Any CPU.Build.0 = Release|Any CPU
		{0757D3E5-D37A-48B8-8123-93B4A9ED32CA}.Debug|Any CPU.ActiveCfg = Debug|Any CPU
		{0757D3E5-D37A-48B8-8123-93B4A9ED32CA}.Debug|Any CPU.Build.0 = Debug|Any CPU
		{0757D3E5-D37A-48B8-8123-93B4A9ED32CA}.Release|Any CPU.ActiveCfg = Release|Any CPU
		{0757D3E5-D37A-48B8-8123-93B4A9ED32CA}.Release|Any CPU.Build.0 = Release|Any CPU
		{EBE54032-D6BE-47AB-91A0-72D7443CCF43}.Debug|Any CPU.ActiveCfg = Debug|Any CPU
		{EBE54032-D6BE-47AB-91A0-72D7443CCF43}.Debug|Any CPU.Build.0 = Debug|Any CPU
		{EBE54032-D6BE-47AB-91A0-72D7443CCF43}.Release|Any CPU.ActiveCfg = Release|Any CPU
		{EBE54032-D6BE-47AB-91A0-72D7443CCF43}.Release|Any CPU.Build.0 = Release|Any CPU
		{18BF7FF0-370F-42CA-BAF3-5060EC96FD3A}.Debug|Any CPU.ActiveCfg = Debug|Any CPU
		{18BF7FF0-370F-42CA-BAF3-5060EC96FD3A}.Debug|Any CPU.Build.0 = Debug|Any CPU
		{18BF7FF0-370F-42CA-BAF3-5060EC96FD3A}.Release|Any CPU.ActiveCfg = Release|Any CPU
		{18BF7FF0-370F-42CA-BAF3-5060EC96FD3A}.Release|Any CPU.Build.0 = Release|Any CPU
		{91F4EB79-0837-434F-93FC-B640614154A2}.Debug|Any CPU.ActiveCfg = Debug|Any CPU
		{91F4EB79-0837-434F-93FC-B640614154A2}.Debug|Any CPU.Build.0 = Debug|Any CPU
		{91F4EB79-0837-434F-93FC-B640614154A2}.Release|Any CPU.ActiveCfg = Release|Any CPU
		{91F4EB79-0837-434F-93FC-B640614154A2}.Release|Any CPU.Build.0 = Release|Any CPU
		{772D639C-5806-40B4-B67C-CE52226B415E}.Debug|Any CPU.ActiveCfg = Debug|Any CPU
		{772D639C-5806-40B4-B67C-CE52226B415E}.Debug|Any CPU.Build.0 = Debug|Any CPU
		{772D639C-5806-40B4-B67C-CE52226B415E}.Release|Any CPU.ActiveCfg = Release|Any CPU
		{772D639C-5806-40B4-B67C-CE52226B415E}.Release|Any CPU.Build.0 = Release|Any CPU
		{B6852CA9-352C-47FB-974B-504525FEC418}.Debug|Any CPU.ActiveCfg = Debug|Any CPU
		{B6852CA9-352C-47FB-974B-504525FEC418}.Debug|Any CPU.Build.0 = Debug|Any CPU
		{B6852CA9-352C-47FB-974B-504525FEC418}.Release|Any CPU.ActiveCfg = Release|Any CPU
		{B6852CA9-352C-47FB-974B-504525FEC418}.Release|Any CPU.Build.0 = Release|Any CPU
		{7C3CE292-A6FB-4DC8-ABAF-E0D7333F9B44}.Debug|Any CPU.ActiveCfg = Debug|Any CPU
		{7C3CE292-A6FB-4DC8-ABAF-E0D7333F9B44}.Debug|Any CPU.Build.0 = Debug|Any CPU
		{7C3CE292-A6FB-4DC8-ABAF-E0D7333F9B44}.Release|Any CPU.ActiveCfg = Release|Any CPU
		{7C3CE292-A6FB-4DC8-ABAF-E0D7333F9B44}.Release|Any CPU.Build.0 = Release|Any CPU
		{58FFCD9F-4140-436A-9914-5CBC16CF69A8}.Debug|Any CPU.ActiveCfg = Debug|Any CPU
		{58FFCD9F-4140-436A-9914-5CBC16CF69A8}.Debug|Any CPU.Build.0 = Debug|Any CPU
		{58FFCD9F-4140-436A-9914-5CBC16CF69A8}.Release|Any CPU.ActiveCfg = Release|Any CPU
		{58FFCD9F-4140-436A-9914-5CBC16CF69A8}.Release|Any CPU.Build.0 = Release|Any CPU
		{50DEBCAC-B2EC-48D2-97AE-2E9EDB053292}.Debug|Any CPU.ActiveCfg = Debug|Any CPU
		{50DEBCAC-B2EC-48D2-97AE-2E9EDB053292}.Debug|Any CPU.Build.0 = Debug|Any CPU
		{50DEBCAC-B2EC-48D2-97AE-2E9EDB053292}.Release|Any CPU.ActiveCfg = Release|Any CPU
		{50DEBCAC-B2EC-48D2-97AE-2E9EDB053292}.Release|Any CPU.Build.0 = Release|Any CPU
		{9A3E25DA-DCE2-4E14-88F8-830A77836E46}.Debug|Any CPU.ActiveCfg = Debug|Any CPU
		{9A3E25DA-DCE2-4E14-88F8-830A77836E46}.Debug|Any CPU.Build.0 = Debug|Any CPU
		{9A3E25DA-DCE2-4E14-88F8-830A77836E46}.Release|Any CPU.ActiveCfg = Release|Any CPU
		{9A3E25DA-DCE2-4E14-88F8-830A77836E46}.Release|Any CPU.Build.0 = Release|Any CPU
		{7627DD5C-59D0-46FE-91BC-A7EA3EF878BC}.Debug|Any CPU.ActiveCfg = Debug|Any CPU
		{7627DD5C-59D0-46FE-91BC-A7EA3EF878BC}.Debug|Any CPU.Build.0 = Debug|Any CPU
		{7627DD5C-59D0-46FE-91BC-A7EA3EF878BC}.Release|Any CPU.ActiveCfg = Release|Any CPU
		{7627DD5C-59D0-46FE-91BC-A7EA3EF878BC}.Release|Any CPU.Build.0 = Release|Any CPU
		{2EC39A3D-59B5-4B13-82A1-6454C7A88863}.Debug|Any CPU.ActiveCfg = Debug|Any CPU
		{2EC39A3D-59B5-4B13-82A1-6454C7A88863}.Debug|Any CPU.Build.0 = Debug|Any CPU
		{2EC39A3D-59B5-4B13-82A1-6454C7A88863}.Release|Any CPU.ActiveCfg = Release|Any CPU
		{2EC39A3D-59B5-4B13-82A1-6454C7A88863}.Release|Any CPU.Build.0 = Release|Any CPU
		{5AFE535D-4E18-4658-A55E-FC81E89AF2CA}.Debug|Any CPU.ActiveCfg = Debug|Any CPU
		{5AFE535D-4E18-4658-A55E-FC81E89AF2CA}.Debug|Any CPU.Build.0 = Debug|Any CPU
		{5AFE535D-4E18-4658-A55E-FC81E89AF2CA}.Release|Any CPU.ActiveCfg = Release|Any CPU
		{5AFE535D-4E18-4658-A55E-FC81E89AF2CA}.Release|Any CPU.Build.0 = Release|Any CPU
	EndGlobalSection
	GlobalSection(SolutionProperties) = preSolution
		HideSolutionNode = FALSE
	EndGlobalSection
	GlobalSection(ExtensibilityGlobals) = postSolution
		SolutionGuid = {44BD9C90-7005-4D2E-8731-D4BDD0CB709A}
	EndGlobalSection
EndGlobal
